<?xml version="1.0" encoding="UTF-8"?>
<CONFIG>
  <ProjectOptions>
    <Version Value="9"/>
    <General>
      <SessionStorage Value="InProjectDir"/>
      <MainUnit Value="0"/>
      <Title Value="ExDatis"/>
      <ResourceType Value="res"/>
      <UseXPManifest Value="True"/>
      <Icon Value="0"/>
    </General>
    <i18n>
      <EnableI18N LFM="False"/>
    </i18n>
    <VersionInfo>
      <UseVersionInfo Value="True"/>
      <AutoIncrementBuild Value="True"/>
      <MajorVersionNr Value="3"/>
      <BuildNr Value="37"/>
      <StringTable Comments="App by Morar" CompanyName="ExDatis" FileDescription="Requisition" InternalName="PhRequisition" OriginalFilename="lazRequisition" ProductName="Requisition" ProductVersion="3"/>
    </VersionInfo>
    <BuildModes Count="1">
      <Item1 Name="Default" Default="True"/>
    </BuildModes>
    <PublishOptions>
      <Version Value="2"/>
    </PublishOptions>
    <RunParams>
      <local>
        <FormatVersion Value="1"/>
      </local>
    </RunParams>
    <RequiredPackages Count="7">
      <Item1>
        <PackageName Value="ZVDateTimeCtrls"/>
      </Item1>
      <Item2>
        <PackageName Value="FCL"/>
      </Item2>
      <Item3>
        <PackageName Value="SQLDBLaz"/>
      </Item3>
      <Item4>
        <PackageName Value="LazControls"/>
      </Item4>
      <Item5>
        <PackageName Value="bgracontrols"/>
      </Item5>
      <Item6>
        <PackageName Value="laz_synapse"/>
      </Item6>
      <Item7>
        <PackageName Value="LCL"/>
      </Item7>
    </RequiredPackages>
    <Units Count="15">
      <Unit0>
        <Filename Value="lazRequisition.lpr"/>
        <IsPartOfProject Value="True"/>
      </Unit0>
      <Unit1>
        <Filename Value="umain.pas"/>
        <IsPartOfProject Value="True"/>
        <ComponentName Value="frmMain"/>
        <HasResources Value="True"/>
        <ResourceBaseClass Value="Form"/>
        <UnitName Value="umain"/>
      </Unit1>
      <Unit2>
        <Filename Value="udbm.pas"/>
        <IsPartOfProject Value="True"/>
        <ComponentName Value="dbm"/>
        <HasResources Value="True"/>
        <ResourceBaseClass Value="DataModule"/>
        <UnitName Value="udbm"/>
      </Unit2>
      <Unit3>
        <Filename Value="uexdatis.pas"/>
        <IsPartOfProject Value="True"/>
        <UnitName Value="uexdatis"/>
      </Unit3>
      <Unit4>
        <Filename Value="dialogs/uapppwd.pas"/>
        <IsPartOfProject Value="True"/>
        <ComponentName Value="dlgAppPwd"/>
        <HasResources Value="True"/>
        <ResourceBaseClass Value="Form"/>
      </Unit4>
      <Unit5>
        <Filename Value="dialogs/uopendatasets.pas"/>
        <IsPartOfProject Value="True"/>
        <ComponentName Value="dlgOpenDataSets"/>
        <HasResources Value="True"/>
        <ResourceBaseClass Value="Form"/>
        <UnitName Value="uopendatasets"/>
      </Unit5>
      <Unit6>
        <Filename Value="utemplate.pas"/>
        <IsPartOfProject Value="True"/>
        <ComponentName Value="frmTemplate"/>
        <HasResources Value="True"/>
        <ResourceBaseClass Value="Form"/>
      </Unit6>
      <Unit7>
        <Filename Value="dialogs/udeleteconfirmation.pas"/>
        <IsPartOfProject Value="True"/>
        <ComponentName Value="dlgDeleteConfirmation"/>
        <HasResources Value="True"/>
        <ResourceBaseClass Value="Form"/>
      </Unit7>
      <Unit8>
        <Filename Value="dialogs/usavechanges.pas"/>
        <IsPartOfProject Value="True"/>
        <ComponentName Value="dlgSaveChanges"/>
        <ResourceBaseClass Value="Form"/>
      </Unit8>
      <Unit9>
        <Filename Value="dialogs/udefrequisition.pas"/>
        <IsPartOfProject Value="True"/>
        <ComponentName Value="frmDefRequisition"/>
        <HasResources Value="True"/>
        <ResourceBaseClass Value="Form"/>
      </Unit9>
      <Unit10>
        <Filename Value="storage/urequisition.pas"/>
        <IsPartOfProject Value="True"/>
        <ComponentName Value="frmRequisition"/>
        <HasResources Value="True"/>
        <ResourceBaseClass Value="Form"/>
        <UnitName Value="urequisition"/>
      </Unit10>
      <Unit11>
        <Filename Value="storage/ustoragein.pas"/>
        <IsPartOfProject Value="True"/>
        <ComponentName Value="frmStorageIn"/>
        <HasResources Value="True"/>
        <ResourceBaseClass Value="Form"/>
        <UnitName Value="ustoragein"/>
      </Unit11>
      <Unit12>
        <Filename Value="storage/ustorageout.pas"/>
        <IsPartOfProject Value="True"/>
        <ComponentName Value="frmStorageOut"/>
        <HasResources Value="True"/>
        <ResourceBaseClass Value="Form"/>
        <UnitName Value="ustorageout"/>
      </Unit12>
      <Unit13>
        <Filename Value="storage/ustock.pas"/>
        <IsPartOfProject Value="True"/>
        <ComponentName Value="frmStock"/>
        <HasResources Value="True"/>
        <ResourceBaseClass Value="Form"/>
        <UnitName Value="ustock"/>
      </Unit13>
      <Unit14>
        <Filename Value="storage/uproductreview.pas"/>
        <IsPartOfProject Value="True"/>
        <ComponentName Value="frmProductReview"/>
        <HasResources Value="True"/>
        <ResourceBaseClass Value="Form"/>
        <UnitName Value="uproductreview"/>
      </Unit14>
    </Units>
  </ProjectOptions>
  <CompilerOptions>
    <Version Value="11"/>
    <Target>
      <Filename Value="lazRequisition"/>
    </Target>
    <SearchPaths>
      <IncludeFiles Value="$(ProjOutDir)"/>
      <OtherUnitFiles Value="dialogs;storage"/>
      <UnitOutputDirectory Value="lib/$(TargetCPU)-$(TargetOS)"/>
    </SearchPaths>
    <Linking>
      <Options>
        <Win32>
          <GraphicApplication Value="True"/>
        </Win32>
      </Options>
    </Linking>
  </CompilerOptions>
  <Debugging>
    <Exceptions Count="3">
      <Item1>
        <Name Value="EAbort"/>
      </Item1>
      <Item2>
        <Name Value="ECodetoolError"/>
      </Item2>
      <Item3>
        <Name Value="EFOpenError"/>
      </Item3>
    </Exceptions>
  </Debugging>
</CONFIG>
